
Microsoft Visual Studio Solution File, Format Version 12.00
Project("{FAE04EC0-301F-11D3-BF4B-00C04F79EFBC}") = "WebDavToPaperlessNGX", "WebDavToPaperlessNGX.csproj", "{AD3365CA-B47C-4F04-BA56-A0EB69C77016}"
EndProject
Global
	GlobalSection(SolutionConfigurationPlatforms) = preSolution
		Debug|Any CPU = Debug|Any CPU
		Release|Any CPU = Release|Any CPU
	EndGlobalSection
	GlobalSection(ProjectConfigurationPlatforms) = postSolution
		{AD3365CA-B47C-4F04-BA56-A0EB69C77016}.Debug|Any CPU.ActiveCfg = Debug|Any CPU
		{AD3365CA-B47C-4F04-BA56-A0EB69C77016}.Debug|Any CPU.Build.0 = Debug|Any CPU
		{AD3365CA-B47C-4F04-BA56-A0EB69C77016}.Release|Any CPU.ActiveCfg = Release|Any CPU
		{AD3365CA-B47C-4F04-BA56-A0EB69C77016}.Release|Any CPU.Build.0 = Release|Any CPU
	EndGlobalSection
EndGlobal
